
Microsoft Visual Studio Solution File, Format Version 12.00
# Visual Studio Version 17
VisualStudioVersion = 17.2.32630.192
MinimumVisualStudioVersion = 10.0.40219.1
Project("{888888A0-9F3D-457C-B088-3A5042F75D52}") = "3SemPythonHW", "3SemPythonHW.pyproj", "{B188CC22-DDDB-4A54-A19E-091B76933588}"
EndProject
Global
	GlobalSection(SolutionConfigurationPlatforms) = preSolution
		Debug|Any CPU = Debug|Any CPU
		Release|Any CPU = Release|Any CPU
	EndGlobalSection
	GlobalSection(ProjectConfigurationPlatforms) = postSolution
		{B188CC22-DDDB-4A54-A19E-091B76933588}.Debug|Any CPU.ActiveCfg = Debug|Any CPU
		{B188CC22-DDDB-4A54-A19E-091B76933588}.Release|Any CPU.ActiveCfg = Release|Any CPU
	EndGlobalSection
	GlobalSection(SolutionProperties) = preSolution
		HideSolutionNode = FALSE
	EndGlobalSection
	GlobalSection(ExtensibilityGlobals) = postSolution
		SolutionGuid = {D5B5E082-951C-42A1-BC20-AADFCA161BB8}
	EndGlobalSection
EndGlobal
